{
  "name": "Benchmarck - Copy",
  "lockfileVersion": 3,
  "requires": true,
  "packages": {
    "": {
      "dependencies": {
        "quantumshield_ark_bidirectional": "^5.0.2"
      }
    },
    "node_modules/quantumshield_ark_bidirectional": {
      "version": "5.0.5",
      "resolved": "https://registry.npmjs.org/quantumshield_ark_bidirectional/-/quantumshield_ark_bidirectional-5.0.5.tgz",
      "integrity": "sha512-KPC5DQFVUnbHqAeoMJSe+Qbo6GsMKVXZHWttwj0yvN7tWnWguvCRS+jZvGUGmSJwPUdlcZvk2miap/svE09v6g==",
      "license": "GPL-3.0-or-later"
    }
  }
}
